// !$*UTF8*$!
{
	archiveVersion = 1;
	classes = {
	};
	objectVersion = 45;
	objects = {

/* Begin PBXBuildFile section */
		4F9E006B124A8BEC0041B849 /* Nu.framework in Frameworks */ = {isa = PBXBuildFile; fileRef = 4F9E006A124A8BEC0041B849 /* Nu.framework */; };
		4FCBFABD124D30D600986254 /* NutronObjectViewWindowController.h in Headers */ = {isa = PBXBuildFile; fileRef = 4FCBFABB124D30D600986254 /* NutronObjectViewWindowController.h */; };
		4FCBFABE124D30D600986254 /* NutronObjectViewWindowController.m in Sources */ = {isa = PBXBuildFile; fileRef = 4FCBFABC124D30D600986254 /* NutronObjectViewWindowController.m */; };
		4FCBFAC5124D396800986254 /* NutronObjectView.h in Headers */ = {isa = PBXBuildFile; fileRef = 4FCBFAC1124D396800986254 /* NutronObjectView.h */; };
		4FCBFAC6124D396800986254 /* NutronObjectView.m in Sources */ = {isa = PBXBuildFile; fileRef = 4FCBFAC2124D396800986254 /* NutronObjectView.m */; };
		4FCBFAC7124D396800986254 /* NutronObjectViewController.h in Headers */ = {isa = PBXBuildFile; fileRef = 4FCBFAC3124D396800986254 /* NutronObjectViewController.h */; };
		4FCBFAC8124D396800986254 /* NutronObjectViewController.m in Sources */ = {isa = PBXBuildFile; fileRef = 4FCBFAC4124D396800986254 /* NutronObjectViewController.m */; };
		4FD1A592124B239400285544 /* Nutron.h in Headers */ = {isa = PBXBuildFile; fileRef = 4FD1A588124B239400285544 /* Nutron.h */; settings = {ATTRIBUTES = (Public, ); }; };
		4FD1A593124B239400285544 /* Nutron.m in Sources */ = {isa = PBXBuildFile; fileRef = 4FD1A589124B239400285544 /* Nutron.m */; };
		4FD1A594124B239400285544 /* NutronConsoleView.h in Headers */ = {isa = PBXBuildFile; fileRef = 4FD1A58A124B239400285544 /* NutronConsoleView.h */; settings = {ATTRIBUTES = (Public, ); }; };
		4FD1A595124B239400285544 /* NutronConsoleView.m in Sources */ = {isa = PBXBuildFile; fileRef = 4FD1A58B124B239400285544 /* NutronConsoleView.m */; };
		4FD1A596124B239400285544 /* NutronConsoleViewController.h in Headers */ = {isa = PBXBuildFile; fileRef = 4FD1A58C124B239400285544 /* NutronConsoleViewController.h */; settings = {ATTRIBUTES = (Public, ); }; };
		4FD1A597124B239400285544 /* NutronConsoleViewController.m in Sources */ = {isa = PBXBuildFile; fileRef = 4FD1A58D124B239400285544 /* NutronConsoleViewController.m */; };
		4FD1A598124B239400285544 /* NutronConsoleWindowController.h in Headers */ = {isa = PBXBuildFile; fileRef = 4FD1A58E124B239400285544 /* NutronConsoleWindowController.h */; settings = {ATTRIBUTES = (Public, ); }; };
		4FD1A599124B239400285544 /* NutronConsoleWindowController.m in Sources */ = {isa = PBXBuildFile; fileRef = 4FD1A58F124B239400285544 /* NutronConsoleWindowController.m */; };
		4FD1A59A124B239400285544 /* NutronExtensions.h in Headers */ = {isa = PBXBuildFile; fileRef = 4FD1A590124B239400285544 /* NutronExtensions.h */; settings = {ATTRIBUTES = (Public, ); }; };
		4FD1A59B124B239400285544 /* NutronExtensions.m in Sources */ = {isa = PBXBuildFile; fileRef = 4FD1A591124B239400285544 /* NutronExtensions.m */; };
		4FD1A6AF124BF91A00285544 /* NutronViewSelector.h in Headers */ = {isa = PBXBuildFile; fileRef = 4FD1A6AD124BF91A00285544 /* NutronViewSelector.h */; settings = {ATTRIBUTES = (Public, ); }; };
		4FD1A6B0124BF91A00285544 /* NutronViewSelector.m in Sources */ = {isa = PBXBuildFile; fileRef = 4FD1A6AE124BF91A00285544 /* NutronViewSelector.m */; };
		8DC2EF530486A6940098B216 /* InfoPlist.strings in Resources */ = {isa = PBXBuildFile; fileRef = 089C1666FE841158C02AAC07 /* InfoPlist.strings */; };
		8DC2EF570486A6940098B216 /* Cocoa.framework in Frameworks */ = {isa = PBXBuildFile; fileRef = 1058C7B1FEA5585E11CA2CBB /* Cocoa.framework */; };
/* End PBXBuildFile section */

/* Begin PBXFileReference section */
		0867D69BFE84028FC02AAC07 /* Foundation.framework */ = {isa = PBXFileReference; lastKnownFileType = wrapper.framework; name = Foundation.framework; path = /System/Library/Frameworks/Foundation.framework; sourceTree = "<absolute>"; };
		0867D6A5FE840307C02AAC07 /* AppKit.framework */ = {isa = PBXFileReference; lastKnownFileType = wrapper.framework; name = AppKit.framework; path = /System/Library/Frameworks/AppKit.framework; sourceTree = "<absolute>"; };
		089C1667FE841158C02AAC07 /* English */ = {isa = PBXFileReference; fileEncoding = 4; lastKnownFileType = text.plist.strings; name = English; path = English.lproj/InfoPlist.strings; sourceTree = "<group>"; };
		1058C7B1FEA5585E11CA2CBB /* Cocoa.framework */ = {isa = PBXFileReference; lastKnownFileType = wrapper.framework; name = Cocoa.framework; path = /System/Library/Frameworks/Cocoa.framework; sourceTree = "<absolute>"; };
		32DBCF5E0370ADEE00C91783 /* Nutron_Prefix.pch */ = {isa = PBXFileReference; fileEncoding = 4; lastKnownFileType = sourcecode.c.h; path = Nutron_Prefix.pch; sourceTree = "<group>"; };
		4F9E006A124A8BEC0041B849 /* Nu.framework */ = {isa = PBXFileReference; lastKnownFileType = wrapper.framework; name = Nu.framework; path = Library/Frameworks/Nu.framework; sourceTree = SDKROOT; };
		4FCBFABB124D30D600986254 /* NutronObjectViewWindowController.h */ = {isa = PBXFileReference; fileEncoding = 4; lastKnownFileType = sourcecode.c.h; name = NutronObjectViewWindowController.h; path = src/NutronObjectViewWindowController.h; sourceTree = "<group>"; };
		4FCBFABC124D30D600986254 /* NutronObjectViewWindowController.m */ = {isa = PBXFileReference; fileEncoding = 4; lastKnownFileType = sourcecode.c.objc; name = NutronObjectViewWindowController.m; path = src/NutronObjectViewWindowController.m; sourceTree = "<group>"; };
		4FCBFAC1124D396800986254 /* NutronObjectView.h */ = {isa = PBXFileReference; fileEncoding = 4; lastKnownFileType = sourcecode.c.h; name = NutronObjectView.h; path = src/NutronObjectView.h; sourceTree = "<group>"; };
		4FCBFAC2124D396800986254 /* NutronObjectView.m */ = {isa = PBXFileReference; fileEncoding = 4; lastKnownFileType = sourcecode.c.objc; name = NutronObjectView.m; path = src/NutronObjectView.m; sourceTree = "<group>"; };
		4FCBFAC3124D396800986254 /* NutronObjectViewController.h */ = {isa = PBXFileReference; fileEncoding = 4; lastKnownFileType = sourcecode.c.h; name = NutronObjectViewController.h; path = src/NutronObjectViewController.h; sourceTree = "<group>"; };
		4FCBFAC4124D396800986254 /* NutronObjectViewController.m */ = {isa = PBXFileReference; fileEncoding = 4; lastKnownFileType = sourcecode.c.objc; name = NutronObjectViewController.m; path = src/NutronObjectViewController.m; sourceTree = "<group>"; };
		4FD1A588124B239400285544 /* Nutron.h */ = {isa = PBXFileReference; fileEncoding = 4; lastKnownFileType = sourcecode.c.h; name = Nutron.h; path = src/Nutron.h; sourceTree = "<group>"; };
		4FD1A589124B239400285544 /* Nutron.m */ = {isa = PBXFileReference; fileEncoding = 4; lastKnownFileType = sourcecode.c.objc; name = Nutron.m; path = src/Nutron.m; sourceTree = "<group>"; };
		4FD1A58A124B239400285544 /* NutronConsoleView.h */ = {isa = PBXFileReference; fileEncoding = 4; lastKnownFileType = sourcecode.c.h; name = NutronConsoleView.h; path = src/NutronConsoleView.h; sourceTree = "<group>"; };
		4FD1A58B124B239400285544 /* NutronConsoleView.m */ = {isa = PBXFileReference; fileEncoding = 4; lastKnownFileType = sourcecode.c.objc; name = NutronConsoleView.m; path = src/NutronConsoleView.m; sourceTree = "<group>"; };
		4FD1A58C124B239400285544 /* NutronConsoleViewController.h */ = {isa = PBXFileReference; fileEncoding = 4; lastKnownFileType = sourcecode.c.h; name = NutronConsoleViewController.h; path = src/NutronConsoleViewController.h; sourceTree = "<group>"; };
		4FD1A58D124B239400285544 /* NutronConsoleViewController.m */ = {isa = PBXFileReference; fileEncoding = 4; lastKnownFileType = sourcecode.c.objc; name = NutronConsoleViewController.m; path = src/NutronConsoleViewController.m; sourceTree = "<group>"; };
		4FD1A58E124B239400285544 /* NutronConsoleWindowController.h */ = {isa = PBXFileReference; fileEncoding = 4; lastKnownFileType = sourcecode.c.h; name = NutronConsoleWindowController.h; path = src/NutronConsoleWindowController.h; sourceTree = "<group>"; };
		4FD1A58F124B239400285544 /* NutronConsoleWindowController.m */ = {isa = PBXFileReference; fileEncoding = 4; lastKnownFileType = sourcecode.c.objc; name = NutronConsoleWindowController.m; path = src/NutronConsoleWindowController.m; sourceTree = "<group>"; };
		4FD1A590124B239400285544 /* NutronExtensions.h */ = {isa = PBXFileReference; fileEncoding = 4; lastKnownFileType = sourcecode.c.h; name = NutronExtensions.h; path = src/NutronExtensions.h; sourceTree = "<group>"; };
		4FD1A591124B239400285544 /* NutronExtensions.m */ = {isa = PBXFileReference; fileEncoding = 4; lastKnownFileType = sourcecode.c.objc; name = NutronExtensions.m; path = src/NutronExtensions.m; sourceTree = "<group>"; };
		4FD1A6AD124BF91A00285544 /* NutronViewSelector.h */ = {isa = PBXFileReference; fileEncoding = 4; lastKnownFileType = sourcecode.c.h; name = NutronViewSelector.h; path = src/NutronViewSelector.h; sourceTree = "<group>"; };
		4FD1A6AE124BF91A00285544 /* NutronViewSelector.m */ = {isa = PBXFileReference; fileEncoding = 4; lastKnownFileType = sourcecode.c.objc; name = NutronViewSelector.m; path = src/NutronViewSelector.m; sourceTree = "<group>"; };
		8DC2EF5A0486A6940098B216 /* Info.plist */ = {isa = PBXFileReference; fileEncoding = 4; lastKnownFileType = text.plist.xml; path = Info.plist; sourceTree = "<group>"; };
		8DC2EF5B0486A6940098B216 /* Nutron.framework */ = {isa = PBXFileReference; explicitFileType = wrapper.framework; includeInIndex = 0; path = Nutron.framework; sourceTree = BUILT_PRODUCTS_DIR; };
		D2F7E79907B2D74100F64583 /* CoreData.framework */ = {isa = PBXFileReference; lastKnownFileType = wrapper.framework; name = CoreData.framework; path = /System/Library/Frameworks/CoreData.framework; sourceTree = "<absolute>"; };
/* End PBXFileReference section */

/* Begin PBXFrameworksBuildPhase section */
		8DC2EF560486A6940098B216 /* Frameworks */ = {
			isa = PBXFrameworksBuildPhase;
			buildActionMask = 2147483647;
			files = (
				8DC2EF570486A6940098B216 /* Cocoa.framework in Frameworks */,
				4F9E006B124A8BEC0041B849 /* Nu.framework in Frameworks */,
			);
			runOnlyForDeploymentPostprocessing = 0;
		};
/* End PBXFrameworksBuildPhase section */

/* Begin PBXGroup section */
		034768DFFF38A50411DB9C8B /* Products */ = {
			isa = PBXGroup;
			children = (
				8DC2EF5B0486A6940098B216 /* Nutron.framework */,
			);
			name = Products;
			sourceTree = "<group>";
		};
		0867D691FE84028FC02AAC07 /* Nutron */ = {
			isa = PBXGroup;
			children = (
				08FB77AEFE84172EC02AAC07 /* Shared */,
				4FD1A618124BC77E00285544 /* ViewSelecctor */,
				4FCBFAB1124D2AFA00986254 /* ObjectViewer */,
				4FD1A5B6124B27EE00285544 /* Console */,
				089C1665FE841158C02AAC07 /* Resources */,
				0867D69AFE84028FC02AAC07 /* External Frameworks and Libraries */,
				034768DFFF38A50411DB9C8B /* Products */,
			);
			name = Nutron;
			sourceTree = "<group>";
		};
		0867D69AFE84028FC02AAC07 /* External Frameworks and Libraries */ = {
			isa = PBXGroup;
			children = (
				1058C7B0FEA5585E11CA2CBB /* Linked Frameworks */,
				1058C7B2FEA5585E11CA2CBB /* Other Frameworks */,
			);
			name = "External Frameworks and Libraries";
			sourceTree = "<group>";
		};
		089C1665FE841158C02AAC07 /* Resources */ = {
			isa = PBXGroup;
			children = (
				8DC2EF5A0486A6940098B216 /* Info.plist */,
				089C1666FE841158C02AAC07 /* InfoPlist.strings */,
			);
			name = Resources;
			sourceTree = "<group>";
		};
		08FB77AEFE84172EC02AAC07 /* Shared */ = {
			isa = PBXGroup;
			children = (
				32DBCF5E0370ADEE00C91783 /* Nutron_Prefix.pch */,
				4FD1A588124B239400285544 /* Nutron.h */,
				4FD1A589124B239400285544 /* Nutron.m */,
				4FD1A590124B239400285544 /* NutronExtensions.h */,
				4FD1A591124B239400285544 /* NutronExtensions.m */,
			);
			name = Shared;
			sourceTree = "<group>";
		};
		1058C7B0FEA5585E11CA2CBB /* Linked Frameworks */ = {
			isa = PBXGroup;
			children = (
				1058C7B1FEA5585E11CA2CBB /* Cocoa.framework */,
				4F9E006A124A8BEC0041B849 /* Nu.framework */,
			);
			name = "Linked Frameworks";
			sourceTree = "<group>";
		};
		1058C7B2FEA5585E11CA2CBB /* Other Frameworks */ = {
			isa = PBXGroup;
			children = (
				0867D6A5FE840307C02AAC07 /* AppKit.framework */,
				D2F7E79907B2D74100F64583 /* CoreData.framework */,
				0867D69BFE84028FC02AAC07 /* Foundation.framework */,
			);
			name = "Other Frameworks";
			sourceTree = "<group>";
		};
		4FCBFAB1124D2AFA00986254 /* ObjectViewer */ = {
			isa = PBXGroup;
			children = (
				4FCBFAC1124D396800986254 /* NutronObjectView.h */,
				4FCBFAC2124D396800986254 /* NutronObjectView.m */,
				4FCBFAC3124D396800986254 /* NutronObjectViewController.h */,
				4FCBFAC4124D396800986254 /* NutronObjectViewController.m */,
				4FCBFABB124D30D600986254 /* NutronObjectViewWindowController.h */,
				4FCBFABC124D30D600986254 /* NutronObjectViewWindowController.m */,
			);
			name = ObjectViewer;
			sourceTree = "<group>";
		};
		4FD1A5B6124B27EE00285544 /* Console */ = {
			isa = PBXGroup;
			children = (
				4FD1A58A124B239400285544 /* NutronConsoleView.h */,
				4FD1A58B124B239400285544 /* NutronConsoleView.m */,
				4FD1A58C124B239400285544 /* NutronConsoleViewController.h */,
				4FD1A58D124B239400285544 /* NutronConsoleViewController.m */,
				4FD1A58E124B239400285544 /* NutronConsoleWindowController.h */,
				4FD1A58F124B239400285544 /* NutronConsoleWindowController.m */,
			);
			name = Console;
			sourceTree = "<group>";
		};
		4FD1A618124BC77E00285544 /* ViewSelecctor */ = {
			isa = PBXGroup;
			children = (
				4FD1A6AD124BF91A00285544 /* NutronViewSelector.h */,
				4FD1A6AE124BF91A00285544 /* NutronViewSelector.m */,
			);
			name = ViewSelecctor;
			sourceTree = "<group>";
		};
/* End PBXGroup section */

/* Begin PBXHeadersBuildPhase section */
		8DC2EF500486A6940098B216 /* Headers */ = {
			isa = PBXHeadersBuildPhase;
			buildActionMask = 2147483647;
			files = (
				4FD1A592124B239400285544 /* Nutron.h in Headers */,
				4FD1A594124B239400285544 /* NutronConsoleView.h in Headers */,
				4FD1A596124B239400285544 /* NutronConsoleViewController.h in Headers */,
				4FD1A598124B239400285544 /* NutronConsoleWindowController.h in Headers */,
				4FD1A59A124B239400285544 /* NutronExtensions.h in Headers */,
				4FD1A6AF124BF91A00285544 /* NutronViewSelector.h in Headers */,
				4FCBFABD124D30D600986254 /* NutronObjectViewWindowController.h in Headers */,
				4FCBFAC5124D396800986254 /* NutronObjectView.h in Headers */,
				4FCBFAC7124D396800986254 /* NutronObjectViewController.h in Headers */,
			);
			runOnlyForDeploymentPostprocessing = 0;
		};
/* End PBXHeadersBuildPhase section */

/* Begin PBXNativeTarget section */
		8DC2EF4F0486A6940098B216 /* Nutron */ = {
			isa = PBXNativeTarget;
			buildConfigurationList = 1DEB91AD08733DA50010E9CD /* Build configuration list for PBXNativeTarget "Nutron" */;
			buildPhases = (
				8DC2EF500486A6940098B216 /* Headers */,
				8DC2EF520486A6940098B216 /* Resources */,
				8DC2EF540486A6940098B216 /* Sources */,
				8DC2EF560486A6940098B216 /* Frameworks */,
			);
			buildRules = (
			);
			dependencies = (
			);
			name = Nutron;
			productInstallPath = "$(HOME)/Library/Frameworks";
			productName = Nutron;
			productReference = 8DC2EF5B0486A6940098B216 /* Nutron.framework */;
			productType = "com.apple.product-type.framework";
		};
/* End PBXNativeTarget section */

/* Begin PBXProject section */
		0867D690FE84028FC02AAC07 /* Project object */ = {
			isa = PBXProject;
			buildConfigurationList = 1DEB91B108733DA50010E9CD /* Build configuration list for PBXProject "Nutron" */;
			compatibilityVersion = "Xcode 3.1";
			developmentRegion = English;
			hasScannedForEncodings = 1;
			knownRegions = (
				English,
				Japanese,
				French,
				German,
			);
			mainGroup = 0867D691FE84028FC02AAC07 /* Nutron */;
			productRefGroup = 034768DFFF38A50411DB9C8B /* Products */;
			projectDirPath = "";
			projectRoot = "";
			targets = (
				8DC2EF4F0486A6940098B216 /* Nutron */,
			);
		};
/* End PBXProject section */

/* Begin PBXResourcesBuildPhase section */
		8DC2EF520486A6940098B216 /* Resources */ = {
			isa = PBXResourcesBuildPhase;
			buildActionMask = 2147483647;
			files = (
				8DC2EF530486A6940098B216 /* InfoPlist.strings in Resources */,
			);
			runOnlyForDeploymentPostprocessing = 0;
		};
/* End PBXResourcesBuildPhase section */

/* Begin PBXSourcesBuildPhase section */
		8DC2EF540486A6940098B216 /* Sources */ = {
			isa = PBXSourcesBuildPhase;
			buildActionMask = 2147483647;
			files = (
				4FD1A593124B239400285544 /* Nutron.m in Sources */,
				4FD1A595124B239400285544 /* NutronConsoleView.m in Sources */,
				4FD1A597124B239400285544 /* NutronConsoleViewController.m in Sources */,
				4FD1A599124B239400285544 /* NutronConsoleWindowController.m in Sources */,
				4FD1A59B124B239400285544 /* NutronExtensions.m in Sources */,
				4FD1A6B0124BF91A00285544 /* NutronViewSelector.m in Sources */,
				4FCBFABE124D30D600986254 /* NutronObjectViewWindowController.m in Sources */,
				4FCBFAC6124D396800986254 /* NutronObjectView.m in Sources */,
				4FCBFAC8124D396800986254 /* NutronObjectViewController.m in Sources */,
			);
			runOnlyForDeploymentPostprocessing = 0;
		};
/* End PBXSourcesBuildPhase section */

/* Begin PBXVariantGroup section */
		089C1666FE841158C02AAC07 /* InfoPlist.strings */ = {
			isa = PBXVariantGroup;
			children = (
				089C1667FE841158C02AAC07 /* English */,
			);
			name = InfoPlist.strings;
			sourceTree = "<group>";
		};
/* End PBXVariantGroup section */

/* Begin XCBuildConfiguration section */
		1DEB91AE08733DA50010E9CD /* Debug */ = {
			isa = XCBuildConfiguration;
			buildSettings = {
				ALWAYS_SEARCH_USER_PATHS = NO;
				COPY_PHASE_STRIP = NO;
				DYLIB_COMPATIBILITY_VERSION = 1;
				DYLIB_CURRENT_VERSION = 1;
				FRAMEWORK_VERSION = A;
				GCC_DYNAMIC_NO_PIC = NO;
				GCC_ENABLE_FIX_AND_CONTINUE = YES;
				GCC_ENABLE_OBJC_GC = supported;
				GCC_MODEL_TUNING = G5;
				GCC_OPTIMIZATION_LEVEL = 0;
				GCC_PRECOMPILE_PREFIX_HEADER = YES;
				GCC_PREFIX_HEADER = Nutron_Prefix.pch;
				INFOPLIST_FILE = Info.plist;
				INSTALL_PATH = "$(HOME)/Library/Frameworks";
				PRODUCT_NAME = Nutron;
				RUN_CLANG_STATIC_ANALYZER = YES;
				VALID_ARCHS = "i386 x86_64";
				WRAPPER_EXTENSION = framework;
			};
			name = Debug;
		};
		1DEB91AF08733DA50010E9CD /* Release */ = {
			isa = XCBuildConfiguration;
			buildSettings = {
				ALWAYS_SEARCH_USER_PATHS = NO;
				DEBUG_INFORMATION_FORMAT = "dwarf-with-dsym";
				DYLIB_COMPATIBILITY_VERSION = 1;
				DYLIB_CURRENT_VERSION = 1;
				FRAMEWORK_VERSION = A;
				GCC_ENABLE_OBJC_GC = supported;
				GCC_MODEL_TUNING = G5;
				GCC_PRECOMPILE_PREFIX_HEADER = YES;
				GCC_PREFIX_HEADER = Nutron_Prefix.pch;
				INFOPLIST_FILE = Info.plist;
				INSTALL_PATH = "$(HOME)/Library/Frameworks";
				PRODUCT_NAME = Nutron;
				RUN_CLANG_STATIC_ANALYZER = YES;
				VALID_ARCHS = "i386 x86_64";
				WRAPPER_EXTENSION = framework;
			};
			name = Release;
		};
		1DEB91B208733DA50010E9CD /* Debug */ = {
			isa = XCBuildConfiguration;
			buildSettings = {
				ARCHS = "$(ARCHS_STANDARD_32_64_BIT)";
				GCC_C_LANGUAGE_STANDARD = gnu99;
				GCC_OPTIMIZATION_LEVEL = 0;
				GCC_WARN_ABOUT_RETURN_TYPE = YES;
				GCC_WARN_UNUSED_VARIABLE = YES;
				ONLY_ACTIVE_ARCH = YES;
				PREBINDING = NO;
				SDKROOT = macosx10.6;
			};
			name = Debug;
		};
		1DEB91B308733DA50010E9CD /* Release */ = {
			isa = XCBuildConfiguration;
			buildSettings = {
				ARCHS = "$(ARCHS_STANDARD_32_64_BIT)";
				GCC_C_LANGUAGE_STANDARD = gnu99;
				GCC_WARN_ABOUT_RETURN_TYPE = YES;
				GCC_WARN_UNUSED_VARIABLE = YES;
				PREBINDING = NO;
				SDKROOT = macosx10.6;
			};
			name = Release;
		};
/* End XCBuildConfiguration section */

/* Begin XCConfigurationList section */
		1DEB91AD08733DA50010E9CD /* Build configuration list for PBXNativeTarget "Nutron" */ = {
			isa = XCConfigurationList;
			buildConfigurations = (
				1DEB91AE08733DA50010E9CD /* Debug */,
				1DEB91AF08733DA50010E9CD /* Release */,
			);
			defaultConfigurationIsVisible = 0;
			defaultConfigurationName = Release;
		};
		1DEB91B108733DA50010E9CD /* Build configuration list for PBXProject "Nutron" */ = {
			isa = XCConfigurationList;
			buildConfigurations = (
				1DEB91B208733DA50010E9CD /* Debug */,
				1DEB91B308733DA50010E9CD /* Release */,
			);
			defaultConfigurationIsVisible = 0;
			defaultConfigurationName = Release;
		};
/* End XCConfigurationList section */
	};
	rootObject = 0867D690FE84028FC02AAC07 /* Project object */;
}
